
Microsoft Visual Studio Solution File, Format Version 12.00
# Visual Studio 15
VisualStudioVersion = 15.0.27703.2026
MinimumVisualStudioVersion = 10.0.40219.1
Project("{FAE04EC0-301F-11D3-BF4B-00C04F79EFBC}") = "Net35TestProject", "Net35TestProject\Net35TestProject.csproj", "{86FD68AE-9F55-4831-90FD-BC69A0399028}"
EndProject
Global
	GlobalSection(SolutionConfigurationPlatforms) = preSolution
		Debug|Any CPU = Debug|Any CPU
		Release|Any CPU = Release|Any CPU
	EndGlobalSection
	GlobalSection(ProjectConfigurationPlatforms) = postSolution
		{86FD68AE-9F55-4831-90FD-BC69A0399028}.Debug|Any CPU.ActiveCfg = Debug|Any CPU
		{86FD68AE-9F55-4831-90FD-BC69A0399028}.Debug|Any CPU.Build.0 = Debug|Any CPU
		{86FD68AE-9F55-4831-90FD-BC69A0399028}.Release|Any CPU.ActiveCfg = Release|Any CPU
		{86FD68AE-9F55-4831-90FD-BC69A0399028}.Release|Any CPU.Build.0 = Release|Any CPU
	EndGlobalSection
	GlobalSection(SolutionProperties) = preSolution
		HideSolutionNode = FALSE
	EndGlobalSection
	GlobalSection(ExtensibilityGlobals) = postSolution
		SolutionGuid = {09DBB359-E487-4882-BC30-D1F4C6254569}
	EndGlobalSection
EndGlobal
