
Microsoft Visual Studio Solution File, Format Version 12.00
# Visual Studio 15
VisualStudioVersion = 15.0.26228.0
MinimumVisualStudioVersion = 10.0.40219.1
Project("{FAE04EC0-301F-11D3-BF4B-00C04F79EFBC}") = "TestIndicatorSample", "TestIndicatorSample\TestIndicatorSample.csproj", "{678FA199-DDB3-44DD-8BBA-45D96CF0896F}"
EndProject
Project("{FAE04EC0-301F-11D3-BF4B-00C04F79EFBC}") = "ClassLibrary1", "ClassLibrary1\ClassLibrary1.csproj", "{64D649B9-A9D4-48F6-A2F1-A8EAD2B702D2}"
EndProject
Global
	GlobalSection(SolutionConfigurationPlatforms) = preSolution
		Debug|Any CPU = Debug|Any CPU
		Release|Any CPU = Release|Any CPU
	EndGlobalSection
	GlobalSection(ProjectConfigurationPlatforms) = postSolution
		{678FA199-DDB3-44DD-8BBA-45D96CF0896F}.Debug|Any CPU.ActiveCfg = Debug|Any CPU
		{678FA199-DDB3-44DD-8BBA-45D96CF0896F}.Debug|Any CPU.Build.0 = Debug|Any CPU
		{678FA199-DDB3-44DD-8BBA-45D96CF0896F}.Release|Any CPU.ActiveCfg = Release|Any CPU
		{678FA199-DDB3-44DD-8BBA-45D96CF0896F}.Release|Any CPU.Build.0 = Release|Any CPU
		{64D649B9-A9D4-48F6-A2F1-A8EAD2B702D2}.Debug|Any CPU.ActiveCfg = Debug|Any CPU
		{64D649B9-A9D4-48F6-A2F1-A8EAD2B702D2}.Debug|Any CPU.Build.0 = Debug|Any CPU
		{64D649B9-A9D4-48F6-A2F1-A8EAD2B702D2}.Release|Any CPU.ActiveCfg = Release|Any CPU
		{64D649B9-A9D4-48F6-A2F1-A8EAD2B702D2}.Release|Any CPU.Build.0 = Release|Any CPU
	EndGlobalSection
	GlobalSection(SolutionProperties) = preSolution
		HideSolutionNode = FALSE
	EndGlobalSection
EndGlobal
