
Microsoft Visual Studio Solution File, Format Version 12.00
# Visual Studio 15
VisualStudioVersion = 15.0.25828.5
MinimumVisualStudioVersion = 10.0.40219.1
Project("{FAE04EC0-301F-11D3-BF4B-00C04F79EFBC}") = "ClassLibrary1", "ClassLibrary1\ClassLibrary1.csproj", "{ABC678CE-E1EA-42F7-95CD-86E0425FBA6D}"
EndProject
Project("{FAE04EC0-301F-11D3-BF4B-00C04F79EFBC}") = "ClassLibrary2", "ClassLibrary2\ClassLibrary2.csproj", "{FC8410C3-BDC6-4D0D-B453-DB669CF8D0D8}"
EndProject
Global
	GlobalSection(SolutionConfigurationPlatforms) = preSolution
		Debug|Any CPU = Debug|Any CPU
		Release|Any CPU = Release|Any CPU
	EndGlobalSection
	GlobalSection(ProjectConfigurationPlatforms) = postSolution
		{ABC678CE-E1EA-42F7-95CD-86E0425FBA6D}.Debug|Any CPU.ActiveCfg = Debug|Any CPU
		{ABC678CE-E1EA-42F7-95CD-86E0425FBA6D}.Debug|Any CPU.Build.0 = Debug|Any CPU
		{ABC678CE-E1EA-42F7-95CD-86E0425FBA6D}.Release|Any CPU.ActiveCfg = Release|Any CPU
		{ABC678CE-E1EA-42F7-95CD-86E0425FBA6D}.Release|Any CPU.Build.0 = Release|Any CPU
		{FC8410C3-BDC6-4D0D-B453-DB669CF8D0D8}.Debug|Any CPU.ActiveCfg = Debug|Any CPU
		{FC8410C3-BDC6-4D0D-B453-DB669CF8D0D8}.Debug|Any CPU.Build.0 = Debug|Any CPU
		{FC8410C3-BDC6-4D0D-B453-DB669CF8D0D8}.Release|Any CPU.ActiveCfg = Release|Any CPU
		{FC8410C3-BDC6-4D0D-B453-DB669CF8D0D8}.Release|Any CPU.Build.0 = Release|Any CPU
	EndGlobalSection
	GlobalSection(SolutionProperties) = preSolution
		HideSolutionNode = FALSE
	EndGlobalSection
EndGlobal
